// !$*UTF8*$!
{
	archiveVersion = 1;
	classes = {
	};
	objectVersion = 46;
	objects = {

/* Begin PBXBuildFile section */
		CC52A5331D6A9D3C00C1FC43 /* RootViewController.swift in Sources */ = {isa = PBXBuildFile; fileRef = CC52A5321D6A9D3C00C1FC43 /* RootViewController.swift */; };
		CC52A5411D6AA8DB00C1FC43 /* NowViewController.swift in Sources */ = {isa = PBXBuildFile; fileRef = CC52A5401D6AA8DB00C1FC43 /* NowViewController.swift */; };
		CC52A5441D6AA8F400C1FC43 /* DayViewController.swift in Sources */ = {isa = PBXBuildFile; fileRef = CC52A5431D6AA8F400C1FC43 /* DayViewController.swift */; };
		CC52A5471D6AA91300C1FC43 /* WeekViewController.swift in Sources */ = {isa = PBXBuildFile; fileRef = CC52A5461D6AA91300C1FC43 /* WeekViewController.swift */; };
		CC52A54C1D6AAAC300C1FC43 /* DayCollectionViewCell.swift in Sources */ = {isa = PBXBuildFile; fileRef = CC52A5491D6AAAC300C1FC43 /* DayCollectionViewCell.swift */; };
		CC52A54D1D6AAAC300C1FC43 /* NowCollectionViewCell.swift in Sources */ = {isa = PBXBuildFile; fileRef = CC52A54A1D6AAAC300C1FC43 /* NowCollectionViewCell.swift */; };
		CC52A54E1D6AAAC300C1FC43 /* WeekCollectionViewCell.swift in Sources */ = {isa = PBXBuildFile; fileRef = CC52A54B1D6AAAC300C1FC43 /* WeekCollectionViewCell.swift */; };
		CC5E36541D618B48000259C1 /* AppDelegate.swift in Sources */ = {isa = PBXBuildFile; fileRef = CC5E36531D618B48000259C1 /* AppDelegate.swift */; };
		CC5E365B1D618B48000259C1 /* Assets.xcassets in Resources */ = {isa = PBXBuildFile; fileRef = CC5E365A1D618B48000259C1 /* Assets.xcassets */; };
		CC5E36691D618B48000259C1 /* ThunderstormTests.swift in Sources */ = {isa = PBXBuildFile; fileRef = CC5E36681D618B48000259C1 /* ThunderstormTests.swift */; };
		CC5E36771D619114000259C1 /* LaunchScreen.storyboard in Resources */ = {isa = PBXBuildFile; fileRef = CC5E36761D619114000259C1 /* LaunchScreen.storyboard */; };
		CC5E36791D61911D000259C1 /* Main.storyboard in Resources */ = {isa = PBXBuildFile; fileRef = CC5E36781D61911D000259C1 /* Main.storyboard */; };
/* End PBXBuildFile section */

/* Begin PBXContainerItemProxy section */
		CC5E36651D618B48000259C1 /* PBXContainerItemProxy */ = {
			isa = PBXContainerItemProxy;
			containerPortal = CC5E36481D618B48000259C1 /* Project object */;
			proxyType = 1;
			remoteGlobalIDString = CC5E364F1D618B48000259C1;
			remoteInfo = Thunderstorm;
		};
/* End PBXContainerItemProxy section */

/* Begin PBXFileReference section */
		CC52A5321D6A9D3C00C1FC43 /* RootViewController.swift */ = {isa = PBXFileReference; fileEncoding = 4; lastKnownFileType = sourcecode.swift; path = RootViewController.swift; sourceTree = "<group>"; };
		CC52A5401D6AA8DB00C1FC43 /* NowViewController.swift */ = {isa = PBXFileReference; fileEncoding = 4; lastKnownFileType = sourcecode.swift; path = NowViewController.swift; sourceTree = "<group>"; };
		CC52A5431D6AA8F400C1FC43 /* DayViewController.swift */ = {isa = PBXFileReference; fileEncoding = 4; lastKnownFileType = sourcecode.swift; path = DayViewController.swift; sourceTree = "<group>"; };
		CC52A5461D6AA91300C1FC43 /* WeekViewController.swift */ = {isa = PBXFileReference; fileEncoding = 4; lastKnownFileType = sourcecode.swift; path = WeekViewController.swift; sourceTree = "<group>"; };
		CC52A5491D6AAAC300C1FC43 /* DayCollectionViewCell.swift */ = {isa = PBXFileReference; fileEncoding = 4; lastKnownFileType = sourcecode.swift; path = DayCollectionViewCell.swift; sourceTree = "<group>"; };
		CC52A54A1D6AAAC300C1FC43 /* NowCollectionViewCell.swift */ = {isa = PBXFileReference; fileEncoding = 4; lastKnownFileType = sourcecode.swift; path = NowCollectionViewCell.swift; sourceTree = "<group>"; };
		CC52A54B1D6AAAC300C1FC43 /* WeekCollectionViewCell.swift */ = {isa = PBXFileReference; fileEncoding = 4; lastKnownFileType = sourcecode.swift; path = WeekCollectionViewCell.swift; sourceTree = "<group>"; };
		CC5E36501D618B48000259C1 /* Thunderstorm.app */ = {isa = PBXFileReference; explicitFileType = wrapper.application; includeInIndex = 0; path = Thunderstorm.app; sourceTree = BUILT_PRODUCTS_DIR; };
		CC5E36531D618B48000259C1 /* AppDelegate.swift */ = {isa = PBXFileReference; lastKnownFileType = sourcecode.swift; path = AppDelegate.swift; sourceTree = "<group>"; };
		CC5E365A1D618B48000259C1 /* Assets.xcassets */ = {isa = PBXFileReference; lastKnownFileType = folder.assetcatalog; path = Assets.xcassets; sourceTree = "<group>"; };
		CC5E365F1D618B48000259C1 /* Info.plist */ = {isa = PBXFileReference; lastKnownFileType = text.plist.xml; path = Info.plist; sourceTree = "<group>"; };
		CC5E36641D618B48000259C1 /* ThunderstormTests.xctest */ = {isa = PBXFileReference; explicitFileType = wrapper.cfbundle; includeInIndex = 0; path = ThunderstormTests.xctest; sourceTree = BUILT_PRODUCTS_DIR; };
		CC5E36681D618B48000259C1 /* ThunderstormTests.swift */ = {isa = PBXFileReference; lastKnownFileType = sourcecode.swift; path = ThunderstormTests.swift; sourceTree = "<group>"; };
		CC5E366A1D618B48000259C1 /* Info.plist */ = {isa = PBXFileReference; lastKnownFileType = text.plist.xml; path = Info.plist; sourceTree = "<group>"; };
		CC5E36761D619114000259C1 /* LaunchScreen.storyboard */ = {isa = PBXFileReference; fileEncoding = 4; lastKnownFileType = file.storyboard; path = LaunchScreen.storyboard; sourceTree = "<group>"; };
		CC5E36781D61911D000259C1 /* Main.storyboard */ = {isa = PBXFileReference; fileEncoding = 4; lastKnownFileType = file.storyboard; path = Main.storyboard; sourceTree = "<group>"; };
/* End PBXFileReference section */

/* Begin PBXFrameworksBuildPhase section */
		CC5E364D1D618B48000259C1 /* Frameworks */ = {
			isa = PBXFrameworksBuildPhase;
			buildActionMask = 2147483647;
			files = (
			);
			runOnlyForDeploymentPostprocessing = 0;
		};
		CC5E36611D618B48000259C1 /* Frameworks */ = {
			isa = PBXFrameworksBuildPhase;
			buildActionMask = 2147483647;
			files = (
			);
			runOnlyForDeploymentPostprocessing = 0;
		};
/* End PBXFrameworksBuildPhase section */

/* Begin PBXGroup section */
		CC52A5311D6A9D0800C1FC43 /* Root View Controller */ = {
			isa = PBXGroup;
			children = (
				CC52A5321D6A9D3C00C1FC43 /* RootViewController.swift */,
				CC52A5481D6AAA9F00C1FC43 /* Collection View Cells */,
			);
			path = "Root View Controller";
			sourceTree = "<group>";
		};
		CC52A53F1D6AA8BD00C1FC43 /* Now View Controller */ = {
			isa = PBXGroup;
			children = (
				CC52A5401D6AA8DB00C1FC43 /* NowViewController.swift */,
			);
			path = "Now View Controller";
			sourceTree = "<group>";
		};
		CC52A5421D6AA8E000C1FC43 /* Day View Controller */ = {
			isa = PBXGroup;
			children = (
				CC52A5431D6AA8F400C1FC43 /* DayViewController.swift */,
			);
			path = "Day View Controller";
			sourceTree = "<group>";
		};
		CC52A5451D6AA8FA00C1FC43 /* Week View Controller */ = {
			isa = PBXGroup;
			children = (
				CC52A5461D6AA91300C1FC43 /* WeekViewController.swift */,
			);
			path = "Week View Controller";
			sourceTree = "<group>";
		};
		CC52A5481D6AAA9F00C1FC43 /* Collection View Cells */ = {
			isa = PBXGroup;
			children = (
				CC52A5491D6AAAC300C1FC43 /* DayCollectionViewCell.swift */,
				CC52A54A1D6AAAC300C1FC43 /* NowCollectionViewCell.swift */,
				CC52A54B1D6AAAC300C1FC43 /* WeekCollectionViewCell.swift */,
			);
			path = "Collection View Cells";
			sourceTree = "<group>";
		};
		CC5E36471D618B48000259C1 = {
			isa = PBXGroup;
			children = (
				CC5E36521D618B48000259C1 /* Thunderstorm */,
				CC5E36671D618B48000259C1 /* ThunderstormTests */,
				CC5E36511D618B48000259C1 /* Products */,
			);
			sourceTree = "<group>";
		};
		CC5E36511D618B48000259C1 /* Products */ = {
			isa = PBXGroup;
			children = (
				CC5E36501D618B48000259C1 /* Thunderstorm.app */,
				CC5E36641D618B48000259C1 /* ThunderstormTests.xctest */,
			);
			name = Products;
			sourceTree = "<group>";
		};
		CC5E36521D618B48000259C1 /* Thunderstorm */ = {
			isa = PBXGroup;
			children = (
				CC5E36731D618D64000259C1 /* Application Delegate */,
				CC5E36741D6190A9000259C1 /* View Controllers */,
				CC5E36751D6190D7000259C1 /* Storyboards */,
				CC5E367A1D619400000259C1 /* Resources */,
				CC5E367B1D61942C000259C1 /* Supporting Files */,
			);
			path = Thunderstorm;
			sourceTree = "<group>";
		};
		CC5E36671D618B48000259C1 /* ThunderstormTests */ = {
			isa = PBXGroup;
			children = (
				CC5E36681D618B48000259C1 /* ThunderstormTests.swift */,
				CC5E366A1D618B48000259C1 /* Info.plist */,
			);
			path = ThunderstormTests;
			sourceTree = "<group>";
		};
		CC5E36731D618D64000259C1 /* Application Delegate */ = {
			isa = PBXGroup;
			children = (
				CC5E36531D618B48000259C1 /* AppDelegate.swift */,
			);
			path = "Application Delegate";
			sourceTree = "<group>";
		};
		CC5E36741D6190A9000259C1 /* View Controllers */ = {
			isa = PBXGroup;
			children = (
				CC52A5311D6A9D0800C1FC43 /* Root View Controller */,
				CC52A5421D6AA8E000C1FC43 /* Day View Controller */,
				CC52A53F1D6AA8BD00C1FC43 /* Now View Controller */,
				CC52A5451D6AA8FA00C1FC43 /* Week View Controller */,
			);
			path = "View Controllers";
			sourceTree = "<group>";
		};
		CC5E36751D6190D7000259C1 /* Storyboards */ = {
			isa = PBXGroup;
			children = (
				CC5E36781D61911D000259C1 /* Main.storyboard */,
				CC5E36761D619114000259C1 /* LaunchScreen.storyboard */,
			);
			path = Storyboards;
			sourceTree = "<group>";
		};
		CC5E367A1D619400000259C1 /* Resources */ = {
			isa = PBXGroup;
			children = (
				CC5E365A1D618B48000259C1 /* Assets.xcassets */,
			);
			path = Resources;
			sourceTree = "<group>";
		};
		CC5E367B1D61942C000259C1 /* Supporting Files */ = {
			isa = PBXGroup;
			children = (
				CC5E365F1D618B48000259C1 /* Info.plist */,
			);
			path = "Supporting Files";
			sourceTree = "<group>";
		};
/* End PBXGroup section */

/* Begin PBXNativeTarget section */
		CC5E364F1D618B48000259C1 /* Thunderstorm */ = {
			isa = PBXNativeTarget;
			buildConfigurationList = CC5E366D1D618B48000259C1 /* Build configuration list for PBXNativeTarget "Thunderstorm" */;
			buildPhases = (
				CC5E364C1D618B48000259C1 /* Sources */,
				CC5E364D1D618B48000259C1 /* Frameworks */,
				CC5E364E1D618B48000259C1 /* Resources */,
			);
			buildRules = (
			);
			dependencies = (
			);
			name = Thunderstorm;
			productName = Thunderstorm;
			productReference = CC5E36501D618B48000259C1 /* Thunderstorm.app */;
			productType = "com.apple.product-type.application";
		};
		CC5E36631D618B48000259C1 /* ThunderstormTests */ = {
			isa = PBXNativeTarget;
			buildConfigurationList = CC5E36701D618B48000259C1 /* Build configuration list for PBXNativeTarget "ThunderstormTests" */;
			buildPhases = (
				CC5E36601D618B48000259C1 /* Sources */,
				CC5E36611D618B48000259C1 /* Frameworks */,
				CC5E36621D618B48000259C1 /* Resources */,
			);
			buildRules = (
			);
			dependencies = (
				CC5E36661D618B48000259C1 /* PBXTargetDependency */,
			);
			name = ThunderstormTests;
			productName = ThunderstormTests;
			productReference = CC5E36641D618B48000259C1 /* ThunderstormTests.xctest */;
			productType = "com.apple.product-type.bundle.unit-test";
		};
/* End PBXNativeTarget section */

/* Begin PBXProject section */
		CC5E36481D618B48000259C1 /* Project object */ = {
			isa = PBXProject;
			attributes = {
				LastSwiftUpdateCheck = 0800;
				LastUpgradeCheck = 0800;
				ORGANIZATIONNAME = Cocoacasts;
				TargetAttributes = {
					CC5E364F1D618B48000259C1 = {
						CreatedOnToolsVersion = 8.0;
						DevelopmentTeam = 2493UGBPKJ;
						ProvisioningStyle = Automatic;
					};
					CC5E36631D618B48000259C1 = {
						CreatedOnToolsVersion = 8.0;
						DevelopmentTeam = 2493UGBPKJ;
						ProvisioningStyle = Automatic;
						TestTargetID = CC5E364F1D618B48000259C1;
					};
				};
			};
			buildConfigurationList = CC5E364B1D618B48000259C1 /* Build configuration list for PBXProject "Thunderstorm" */;
			compatibilityVersion = "Xcode 3.2";
			developmentRegion = English;
			hasScannedForEncodings = 0;
			knownRegions = (
				en,
				Base,
			);
			mainGroup = CC5E36471D618B48000259C1;
			productRefGroup = CC5E36511D618B48000259C1 /* Products */;
			projectDirPath = "";
			projectRoot = "";
			targets = (
				CC5E364F1D618B48000259C1 /* Thunderstorm */,
				CC5E36631D618B48000259C1 /* ThunderstormTests */,
			);
		};
/* End PBXProject section */

/* Begin PBXResourcesBuildPhase section */
		CC5E364E1D618B48000259C1 /* Resources */ = {
			isa = PBXResourcesBuildPhase;
			buildActionMask = 2147483647;
			files = (
				CC5E36791D61911D000259C1 /* Main.storyboard in Resources */,
				CC5E365B1D618B48000259C1 /* Assets.xcassets in Resources */,
				CC5E36771D619114000259C1 /* LaunchScreen.storyboard in Resources */,
			);
			runOnlyForDeploymentPostprocessing = 0;
		};
		CC5E36621D618B48000259C1 /* Resources */ = {
			isa = PBXResourcesBuildPhase;
			buildActionMask = 2147483647;
			files = (
			);
			runOnlyForDeploymentPostprocessing = 0;
		};
/* End PBXResourcesBuildPhase section */

/* Begin PBXSourcesBuildPhase section */
		CC5E364C1D618B48000259C1 /* Sources */ = {
			isa = PBXSourcesBuildPhase;
			buildActionMask = 2147483647;
			files = (
				CC52A5471D6AA91300C1FC43 /* WeekViewController.swift in Sources */,
				CC52A54C1D6AAAC300C1FC43 /* DayCollectionViewCell.swift in Sources */,
				CC52A54E1D6AAAC300C1FC43 /* WeekCollectionViewCell.swift in Sources */,
				CC52A5411D6AA8DB00C1FC43 /* NowViewController.swift in Sources */,
				CC52A5331D6A9D3C00C1FC43 /* RootViewController.swift in Sources */,
				CC5E36541D618B48000259C1 /* AppDelegate.swift in Sources */,
				CC52A54D1D6AAAC300C1FC43 /* NowCollectionViewCell.swift in Sources */,
				CC52A5441D6AA8F400C1FC43 /* DayViewController.swift in Sources */,
			);
			runOnlyForDeploymentPostprocessing = 0;
		};
		CC5E36601D618B48000259C1 /* Sources */ = {
			isa = PBXSourcesBuildPhase;
			buildActionMask = 2147483647;
			files = (
				CC5E36691D618B48000259C1 /* ThunderstormTests.swift in Sources */,
			);
			runOnlyForDeploymentPostprocessing = 0;
		};
/* End PBXSourcesBuildPhase section */

/* Begin PBXTargetDependency section */
		CC5E36661D618B48000259C1 /* PBXTargetDependency */ = {
			isa = PBXTargetDependency;
			target = CC5E364F1D618B48000259C1 /* Thunderstorm */;
			targetProxy = CC5E36651D618B48000259C1 /* PBXContainerItemProxy */;
		};
/* End PBXTargetDependency section */

/* Begin XCBuildConfiguration section */
		CC5E366B1D618B48000259C1 /* Debug */ = {
			isa = XCBuildConfiguration;
			buildSettings = {
				ALWAYS_SEARCH_USER_PATHS = NO;
				CLANG_ANALYZER_NONNULL = YES;
				CLANG_CXX_LANGUAGE_STANDARD = "gnu++0x";
				CLANG_CXX_LIBRARY = "libc++";
				CLANG_ENABLE_MODULES = YES;
				CLANG_ENABLE_OBJC_ARC = YES;
				CLANG_WARN_BOOL_CONVERSION = YES;
				CLANG_WARN_CONSTANT_CONVERSION = YES;
				CLANG_WARN_DIRECT_OBJC_ISA_USAGE = YES_ERROR;
				CLANG_WARN_DOCUMENTATION_COMMENTS = YES;
				CLANG_WARN_EMPTY_BODY = YES;
				CLANG_WARN_ENUM_CONVERSION = YES;
				CLANG_WARN_INFINITE_RECURSION = YES;
				CLANG_WARN_INT_CONVERSION = YES;
				CLANG_WARN_OBJC_ROOT_CLASS = YES_ERROR;
				CLANG_WARN_SUSPICIOUS_MOVES = YES;
				CLANG_WARN_UNREACHABLE_CODE = YES;
				CLANG_WARN__DUPLICATE_METHOD_MATCH = YES;
				"CODE_SIGN_IDENTITY[sdk=iphoneos*]" = "iPhone Developer";
				COPY_PHASE_STRIP = NO;
				DEBUG_INFORMATION_FORMAT = dwarf;
				ENABLE_STRICT_OBJC_MSGSEND = YES;
				ENABLE_TESTABILITY = YES;
				GCC_C_LANGUAGE_STANDARD = gnu99;
				GCC_DYNAMIC_NO_PIC = NO;
				GCC_NO_COMMON_BLOCKS = YES;
				GCC_OPTIMIZATION_LEVEL = 0;
				GCC_PREPROCESSOR_DEFINITIONS = (
					"DEBUG=1",
					"$(inherited)",
				);
				GCC_WARN_64_TO_32_BIT_CONVERSION = YES;
				GCC_WARN_ABOUT_RETURN_TYPE = YES_ERROR;
				GCC_WARN_UNDECLARED_SELECTOR = YES;
				GCC_WARN_UNINITIALIZED_AUTOS = YES_AGGRESSIVE;
				GCC_WARN_UNUSED_FUNCTION = YES;
				GCC_WARN_UNUSED_VARIABLE = YES;
				IPHONEOS_DEPLOYMENT_TARGET = 10.0;
				MTL_ENABLE_DEBUG_INFO = YES;
				ONLY_ACTIVE_ARCH = YES;
				SDKROOT = iphoneos;
				SWIFT_ACTIVE_COMPILATION_CONDITIONS = DEBUG;
				SWIFT_OPTIMIZATION_LEVEL = "-Onone";
			};
			name = Debug;
		};
		CC5E366C1D618B48000259C1 /* Release */ = {
			isa = XCBuildConfiguration;
			buildSettings = {
				ALWAYS_SEARCH_USER_PATHS = NO;
				CLANG_ANALYZER_NONNULL = YES;
				CLANG_CXX_LANGUAGE_STANDARD = "gnu++0x";
				CLANG_CXX_LIBRARY = "libc++";
				CLANG_ENABLE_MODULES = YES;
				CLANG_ENABLE_OBJC_ARC = YES;
				CLANG_WARN_BOOL_CONVERSION = YES;
				CLANG_WARN_CONSTANT_CONVERSION = YES;
				CLANG_WARN_DIRECT_OBJC_ISA_USAGE = YES_ERROR;
				CLANG_WARN_DOCUMENTATION_COMMENTS = YES;
				CLANG_WARN_EMPTY_BODY = YES;
				CLANG_WARN_ENUM_CONVERSION = YES;
				CLANG_WARN_INFINITE_RECURSION = YES;
				CLANG_WARN_INT_CONVERSION = YES;
				CLANG_WARN_OBJC_ROOT_CLASS = YES_ERROR;
				CLANG_WARN_SUSPICIOUS_MOVES = YES;
				CLANG_WARN_UNREACHABLE_CODE = YES;
				CLANG_WARN__DUPLICATE_METHOD_MATCH = YES;
				"CODE_SIGN_IDENTITY[sdk=iphoneos*]" = "iPhone Developer";
				COPY_PHASE_STRIP = NO;
				DEBUG_INFORMATION_FORMAT = "dwarf-with-dsym";
				ENABLE_NS_ASSERTIONS = NO;
				ENABLE_STRICT_OBJC_MSGSEND = YES;
				GCC_C_LANGUAGE_STANDARD = gnu99;
				GCC_NO_COMMON_BLOCKS = YES;
				GCC_WARN_64_TO_32_BIT_CONVERSION = YES;
				GCC_WARN_ABOUT_RETURN_TYPE = YES_ERROR;
				GCC_WARN_UNDECLARED_SELECTOR = YES;
				GCC_WARN_UNINITIALIZED_AUTOS = YES_AGGRESSIVE;
				GCC_WARN_UNUSED_FUNCTION = YES;
				GCC_WARN_UNUSED_VARIABLE = YES;
				IPHONEOS_DEPLOYMENT_TARGET = 10.0;
				MTL_ENABLE_DEBUG_INFO = NO;
				SDKROOT = iphoneos;
				SWIFT_OPTIMIZATION_LEVEL = "-Owholemodule";
				VALIDATE_PRODUCT = YES;
			};
			name = Release;
		};
		CC5E366E1D618B48000259C1 /* Debug */ = {
			isa = XCBuildConfiguration;
			buildSettings = {
				ASSETCATALOG_COMPILER_APPICON_NAME = AppIcon;
				DEVELOPMENT_TEAM = 2493UGBPKJ;
				INFOPLIST_FILE = "$(SRCROOT)/Thunderstorm/Supporting Files/Info.plist";
				LD_RUNPATH_SEARCH_PATHS = "$(inherited) @executable_path/Frameworks";
				PRODUCT_BUNDLE_IDENTIFIER = com.cocoacasts.Thunderstorm;
				PRODUCT_NAME = "$(TARGET_NAME)";
				SWIFT_VERSION = 3.0;
				TARGETED_DEVICE_FAMILY = "1,2";
			};
			name = Debug;
		};
		CC5E366F1D618B48000259C1 /* Release */ = {
			isa = XCBuildConfiguration;
			buildSettings = {
				ASSETCATALOG_COMPILER_APPICON_NAME = AppIcon;
				DEVELOPMENT_TEAM = 2493UGBPKJ;
				INFOPLIST_FILE = "$(SRCROOT)/Thunderstorm/Supporting Files/Info.plist";
				LD_RUNPATH_SEARCH_PATHS = "$(inherited) @executable_path/Frameworks";
				PRODUCT_BUNDLE_IDENTIFIER = com.cocoacasts.Thunderstorm;
				PRODUCT_NAME = "$(TARGET_NAME)";
				SWIFT_VERSION = 3.0;
				TARGETED_DEVICE_FAMILY = "1,2";
			};
			name = Release;
		};
		CC5E36711D618B48000259C1 /* Debug */ = {
			isa = XCBuildConfiguration;
			buildSettings = {
				BUNDLE_LOADER = "$(TEST_HOST)";
				DEVELOPMENT_TEAM = 2493UGBPKJ;
				INFOPLIST_FILE = ThunderstormTests/Info.plist;
				LD_RUNPATH_SEARCH_PATHS = "$(inherited) @executable_path/Frameworks @loader_path/Frameworks";
				PRODUCT_BUNDLE_IDENTIFIER = com.cocoacasts.ThunderstormTests;
				PRODUCT_NAME = "$(TARGET_NAME)";
				SWIFT_VERSION = 3.0;
				TEST_HOST = "$(BUILT_PRODUCTS_DIR)/Thunderstorm.app/Thunderstorm";
			};
			name = Debug;
		};
		CC5E36721D618B48000259C1 /* Release */ = {
			isa = XCBuildConfiguration;
			buildSettings = {
				BUNDLE_LOADER = "$(TEST_HOST)";
				DEVELOPMENT_TEAM = 2493UGBPKJ;
				INFOPLIST_FILE = ThunderstormTests/Info.plist;
				LD_RUNPATH_SEARCH_PATHS = "$(inherited) @executable_path/Frameworks @loader_path/Frameworks";
				PRODUCT_BUNDLE_IDENTIFIER = com.cocoacasts.ThunderstormTests;
				PRODUCT_NAME = "$(TARGET_NAME)";
				SWIFT_VERSION = 3.0;
				TEST_HOST = "$(BUILT_PRODUCTS_DIR)/Thunderstorm.app/Thunderstorm";
			};
			name = Release;
		};
/* End XCBuildConfiguration section */

/* Begin XCConfigurationList section */
		CC5E364B1D618B48000259C1 /* Build configuration list for PBXProject "Thunderstorm" */ = {
			isa = XCConfigurationList;
			buildConfigurations = (
				CC5E366B1D618B48000259C1 /* Debug */,
				CC5E366C1D618B48000259C1 /* Release */,
			);
			defaultConfigurationIsVisible = 0;
			defaultConfigurationName = Release;
		};
		CC5E366D1D618B48000259C1 /* Build configuration list for PBXNativeTarget "Thunderstorm" */ = {
			isa = XCConfigurationList;
			buildConfigurations = (
				CC5E366E1D618B48000259C1 /* Debug */,
				CC5E366F1D618B48000259C1 /* Release */,
			);
			defaultConfigurationIsVisible = 0;
			defaultConfigurationName = Release;
		};
		CC5E36701D618B48000259C1 /* Build configuration list for PBXNativeTarget "ThunderstormTests" */ = {
			isa = XCConfigurationList;
			buildConfigurations = (
				CC5E36711D618B48000259C1 /* Debug */,
				CC5E36721D618B48000259C1 /* Release */,
			);
			defaultConfigurationIsVisible = 0;
			defaultConfigurationName = Release;
		};
/* End XCConfigurationList section */
	};
	rootObject = CC5E36481D618B48000259C1 /* Project object */;
}
